
Microsoft Visual Studio Solution File, Format Version 12.00
Project("{FAE04EC0-301F-11D3-BF4B-00C04F79EFBC}") = "Shop.Payments", "Shop.Payments\Shop.Payments.csproj", "{9418E5BC-29FF-4AE8-85BD-21F484D11C2F}"
EndProject
Project("{FAE04EC0-301F-11D3-BF4B-00C04F79EFBC}") = "Shop.Orders", "Shop.Orders\Shop.Orders.csproj", "{F3D1C194-35B1-43FB-A5F5-3F95DFBA3F33}"
EndProject
Project("{FAE04EC0-301F-11D3-BF4B-00C04F79EFBC}") = "Shop.Fulfillment", "Shop.Fulfillment\Shop.Fulfillment.csproj", "{C722AD3B-E55A-42E7-8C4A-CDC2EA077B7F}"
EndProject
Global
	GlobalSection(SolutionConfigurationPlatforms) = preSolution
		Debug|Any CPU = Debug|Any CPU
		Release|Any CPU = Release|Any CPU
	EndGlobalSection
	GlobalSection(ProjectConfigurationPlatforms) = postSolution
		{9418E5BC-29FF-4AE8-85BD-21F484D11C2F}.Debug|Any CPU.ActiveCfg = Debug|Any CPU
		{9418E5BC-29FF-4AE8-85BD-21F484D11C2F}.Debug|Any CPU.Build.0 = Debug|Any CPU
		{9418E5BC-29FF-4AE8-85BD-21F484D11C2F}.Release|Any CPU.ActiveCfg = Release|Any CPU
		{9418E5BC-29FF-4AE8-85BD-21F484D11C2F}.Release|Any CPU.Build.0 = Release|Any CPU
		{F3D1C194-35B1-43FB-A5F5-3F95DFBA3F33}.Debug|Any CPU.ActiveCfg = Debug|Any CPU
		{F3D1C194-35B1-43FB-A5F5-3F95DFBA3F33}.Debug|Any CPU.Build.0 = Debug|Any CPU
		{F3D1C194-35B1-43FB-A5F5-3F95DFBA3F33}.Release|Any CPU.ActiveCfg = Release|Any CPU
		{F3D1C194-35B1-43FB-A5F5-3F95DFBA3F33}.Release|Any CPU.Build.0 = Release|Any CPU
		{C722AD3B-E55A-42E7-8C4A-CDC2EA077B7F}.Debug|Any CPU.ActiveCfg = Debug|Any CPU
		{C722AD3B-E55A-42E7-8C4A-CDC2EA077B7F}.Debug|Any CPU.Build.0 = Debug|Any CPU
		{C722AD3B-E55A-42E7-8C4A-CDC2EA077B7F}.Release|Any CPU.ActiveCfg = Release|Any CPU
		{C722AD3B-E55A-42E7-8C4A-CDC2EA077B7F}.Release|Any CPU.Build.0 = Release|Any CPU
	EndGlobalSection
EndGlobal
